
Microsoft Visual Studio Solution File, Format Version 12.00
# Visual Studio 15
VisualStudioVersion = 15.0.27130.2010
MinimumVisualStudioVersion = 10.0.40219.1
Project("{FAE04EC0-301F-11D3-BF4B-00C04F79EFBC}") = "ConstructorsFuncClassesMethods", "ConsoleApp2\ConstructorsFuncClassesMethods.csproj", "{58EFC9B0-17FF-4CA6-AA0A-3BFCD52A9793}"
EndProject
Project("{FAE04EC0-301F-11D3-BF4B-00C04F79EFBC}") = "Student", "Student\Student.csproj", "{3CB33D4F-B3D2-4DCD-BF04-C9ED7886F06B}"
EndProject
Global
	GlobalSection(SolutionConfigurationPlatforms) = preSolution
		Debug|Any CPU = Debug|Any CPU
		Release|Any CPU = Release|Any CPU
	EndGlobalSection
	GlobalSection(ProjectConfigurationPlatforms) = postSolution
		{58EFC9B0-17FF-4CA6-AA0A-3BFCD52A9793}.Debug|Any CPU.ActiveCfg = Debug|Any CPU
		{58EFC9B0-17FF-4CA6-AA0A-3BFCD52A9793}.Debug|Any CPU.Build.0 = Debug|Any CPU
		{58EFC9B0-17FF-4CA6-AA0A-3BFCD52A9793}.Release|Any CPU.ActiveCfg = Release|Any CPU
		{58EFC9B0-17FF-4CA6-AA0A-3BFCD52A9793}.Release|Any CPU.Build.0 = Release|Any CPU
		{3CB33D4F-B3D2-4DCD-BF04-C9ED7886F06B}.Debug|Any CPU.ActiveCfg = Debug|Any CPU
		{3CB33D4F-B3D2-4DCD-BF04-C9ED7886F06B}.Debug|Any CPU.Build.0 = Debug|Any CPU
		{3CB33D4F-B3D2-4DCD-BF04-C9ED7886F06B}.Release|Any CPU.ActiveCfg = Release|Any CPU
		{3CB33D4F-B3D2-4DCD-BF04-C9ED7886F06B}.Release|Any CPU.Build.0 = Release|Any CPU
	EndGlobalSection
	GlobalSection(SolutionProperties) = preSolution
		HideSolutionNode = FALSE
	EndGlobalSection
	GlobalSection(ExtensibilityGlobals) = postSolution
		SolutionGuid = {77C3CCE7-7FE5-45D0-AB88-5EF341900A34}
	EndGlobalSection
EndGlobal
