
Microsoft Visual Studio Solution File, Format Version 12.00
# Visual Studio 15
VisualStudioVersion = 15.0.27130.2010
MinimumVisualStudioVersion = 10.0.40219.1
Project("{FAE04EC0-301F-11D3-BF4B-00C04F79EFBC}") = "TelephoneBook", "TelephoneBook\TelephoneBook.csproj", "{A7DD8AC7-6822-412C-A83F-FF448451D07A}"
EndProject
Global
	GlobalSection(SolutionConfigurationPlatforms) = preSolution
		Debug|Any CPU = Debug|Any CPU
		Release|Any CPU = Release|Any CPU
	EndGlobalSection
	GlobalSection(ProjectConfigurationPlatforms) = postSolution
		{A7DD8AC7-6822-412C-A83F-FF448451D07A}.Debug|Any CPU.ActiveCfg = Debug|Any CPU
		{A7DD8AC7-6822-412C-A83F-FF448451D07A}.Debug|Any CPU.Build.0 = Debug|Any CPU
		{A7DD8AC7-6822-412C-A83F-FF448451D07A}.Release|Any CPU.ActiveCfg = Release|Any CPU
		{A7DD8AC7-6822-412C-A83F-FF448451D07A}.Release|Any CPU.Build.0 = Release|Any CPU
	EndGlobalSection
	GlobalSection(SolutionProperties) = preSolution
		HideSolutionNode = FALSE
	EndGlobalSection
	GlobalSection(ExtensibilityGlobals) = postSolution
		SolutionGuid = {796DB3D6-16CB-4CC4-AB65-C2465E7207EE}
	EndGlobalSection
EndGlobal
